schema: '2.0'
stages:
  train_model:
    cmd: python src/pipeline.py --config conf/config.yaml
    deps:
    - path: conf/config.yaml
      hash: md5
      md5: dd178bd41965fb64a5d329b85b6902af
      size: 298
      isexec: true
    - path: data/raw/train.csv
      hash: md5
      md5: 61fdd54abdbf6a85b778e937122e1194
      size: 60302
      isexec: true
    - path: src/pipeline.py
      hash: md5
      md5: 436f49b08309e2d20371e3a25768bb47
      size: 1322
      isexec: true
    outs:
    - path: models/predictor.pkl
      hash: md5
      md5: 7d1e55650014e21b4568ed3e3d1fc531
      size: 4
